{
    "_readme": [
        "This file locks the dependencies of your project to a known state",
        "Read more about it at https://getcomposer.org/doc/01-basic-usage.md#composer-lock-the-lock-file",
        "This file is @generated automatically"
    ],
    "content-hash": "945aefd2a058d93564ef9e103e0d726a",
    "packages": [
        {
            "name": "litert/annotation",
            "version": "0.3.0",
            "source": {
                "type": "git",
                "url": "https://github.com/litert/annotation.git",
                "reference": "0a0fd01ad88eac887cb2cde2dc89017632b8d47e"
            },
            "dist": {
                "type": "zip",
                "url": "https://api.github.com/repos/litert/annotation/zipball/0a0fd01ad88eac887cb2cde2dc89017632b8d47e",
                "reference": "0a0fd01ad88eac887cb2cde2dc89017632b8d47e",
                "shasum": ""
            },
            "require": {
                "litert/core": "^0.2.0",
                "php": ">=7.0.0"
            },
            "type": "library",
            "extra": {
                "branch-alias": {
                    "dev-master": "0.3.x-dev"
                }
            },
            "autoload": {
                "psr-4": {
                    "L\\Annotation\\": "lib"
                }
            },
            "notification-url": "https://packagist.org/downloads/",
            "license": [
                "Apache-2.0"
            ],
            "authors": [
                {
                    "name": "Angus.Fenying",
                    "email": "i.am.x.fenying@gmail.com",
                    "homepage": "https://fenying.net",
                    "role": "Master"
                }
            ],
            "description": "A tool kits about annotations for LiteRT.",
            "homepage": "https://fenying.net",
            "keywords": [
                "annotation",
                "litert"
            ],
            "time": "2017-11-09T02:24:43+00:00"
        },
        {
            "name": "litert/core",
            "version": "0.2.1",
            "source": {
                "type": "git",
                "url": "https://github.com/litert/core.git",
                "reference": "a494f03ef919d67d48c990d03eeac8dfae7c996a"
            },
            "dist": {
                "type": "zip",
                "url": "https://api.github.com/repos/litert/core/zipball/a494f03ef919d67d48c990d03eeac8dfae7c996a",
                "reference": "a494f03ef919d67d48c990d03eeac8dfae7c996a",
                "shasum": ""
            },
            "require": {
                "php": ">=7.0.0"
            },
            "type": "library",
            "extra": {
                "branch-alias": {
                    "dev-master": "0.2.x-dev"
                }
            },
            "autoload": {
                "psr-4": {
                    "L\\Core\\": "lib"
                },
                "files": [
                    "lib/LanguageExtension.php",
                    "lib/ErrorHandler.php"
                ]
            },
            "notification-url": "https://packagist.org/downloads/",
            "license": [
                "Apache-2.0"
            ],
            "authors": [
                {
                    "name": "Angus.Fenying",
                    "email": "i.am.x.fenying@gmail.com",
                    "homepage": "https://fenying.net",
                    "role": "Master"
                }
            ],
            "description": "The core of LiteRT.",
            "homepage": "https://fenying.net",
            "keywords": [
                "core",
                "litert"
            ],
            "time": "2017-11-08T02:48:24+00:00"
        },
        {
            "name": "litert/delay-initializer",
            "version": "0.3.0",
            "source": {
                "type": "git",
                "url": "https://github.com/litert/delay-initializer.git",
                "reference": "c83bbeb39308d2cd4cc6923da0912d060944a8df"
            },
            "dist": {
                "type": "zip",
                "url": "https://api.github.com/repos/litert/delay-initializer/zipball/c83bbeb39308d2cd4cc6923da0912d060944a8df",
                "reference": "c83bbeb39308d2cd4cc6923da0912d060944a8df",
                "shasum": ""
            },
            "require": {
                "litert/core": "^0.2.0",
                "php": ">=7.0.0"
            },
            "type": "library",
            "extra": {
                "branch-alias": {
                    "dev-master": "0.1.x-dev"
                }
            },
            "autoload": {
                "psr-4": {
                    "L\\Kits\\DelayInit\\": "lib"
                }
            },
            "notification-url": "https://packagist.org/downloads/",
            "license": [
                "Apache-2.0"
            ],
            "authors": [
                {
                    "name": "Angus.Fenying",
                    "email": "i.am.x.fenying@gmail.com",
                    "homepage": "https://fenying.net",
                    "role": "Master"
                }
            ],
            "description": "A simple delay-initializer library for PHP.",
            "homepage": "https://fenying.net",
            "keywords": [
                "delay",
                "initializer"
            ],
            "time": "2017-11-07T09:41:41+00:00"
        }
    ],
    "packages-dev": [],
    "aliases": [],
    "minimum-stability": "stable",
    "stability-flags": [],
    "prefer-stable": false,
    "prefer-lowest": false,
    "platform": {
        "php": ">=7.0.0"
    },
    "platform-dev": []
}
